
Microsoft Visual Studio Solution File, Format Version 12.00
# Visual Studio 15
VisualStudioVersion = 15.0.28307.1062
MinimumVisualStudioVersion = 10.0.40219.1
Project("{FAE04EC0-301F-11D3-BF4B-00C04F79EFBC}") = "activity1-main", "activity1-main\activity1-main.csproj", "{D3EEECA1-E8AE-44BE-BB2B-B1E9F5F2746F}"
EndProject
Project("{FAE04EC0-301F-11D3-BF4B-00C04F79EFBC}") = "example1-main", "example1-main\example1-main.csproj", "{F3DB8200-5F50-44DA-92D7-0C0E3DD1F770}"
EndProject
Global
	GlobalSection(SolutionConfigurationPlatforms) = preSolution
		Debug|Any CPU = Debug|Any CPU
		Release|Any CPU = Release|Any CPU
	EndGlobalSection
	GlobalSection(ProjectConfigurationPlatforms) = postSolution
		{D3EEECA1-E8AE-44BE-BB2B-B1E9F5F2746F}.Debug|Any CPU.ActiveCfg = Debug|Any CPU
		{D3EEECA1-E8AE-44BE-BB2B-B1E9F5F2746F}.Debug|Any CPU.Build.0 = Debug|Any CPU
		{D3EEECA1-E8AE-44BE-BB2B-B1E9F5F2746F}.Release|Any CPU.ActiveCfg = Release|Any CPU
		{D3EEECA1-E8AE-44BE-BB2B-B1E9F5F2746F}.Release|Any CPU.Build.0 = Release|Any CPU
		{F3DB8200-5F50-44DA-92D7-0C0E3DD1F770}.Debug|Any CPU.ActiveCfg = Debug|Any CPU
		{F3DB8200-5F50-44DA-92D7-0C0E3DD1F770}.Debug|Any CPU.Build.0 = Debug|Any CPU
		{F3DB8200-5F50-44DA-92D7-0C0E3DD1F770}.Release|Any CPU.ActiveCfg = Release|Any CPU
		{F3DB8200-5F50-44DA-92D7-0C0E3DD1F770}.Release|Any CPU.Build.0 = Release|Any CPU
	EndGlobalSection
	GlobalSection(SolutionProperties) = preSolution
		HideSolutionNode = FALSE
	EndGlobalSection
	GlobalSection(ExtensibilityGlobals) = postSolution
		SolutionGuid = {328B4D02-3EB9-481A-98C1-C95ED1376647}
	EndGlobalSection
EndGlobal
