
Microsoft Visual Studio Solution File, Format Version 12.00
# Visual Studio 15
VisualStudioVersion = 15.0.28307.1062
MinimumVisualStudioVersion = 10.0.40219.1
Project("{FAE04EC0-301F-11D3-BF4B-00C04F79EFBC}") = "pos-cli", "pos-cli\pos-cli.csproj", "{20553C22-E262-4E6D-874D-082D1B5E88EA}"
EndProject
Project("{FAE04EC0-301F-11D3-BF4B-00C04F79EFBC}") = "pos-library", "pos-library\pos-library.csproj", "{6E08CBBF-5A77-4D92-8448-62F856B9E3DC}"
EndProject
Global
	GlobalSection(SolutionConfigurationPlatforms) = preSolution
		Debug|Any CPU = Debug|Any CPU
		Release|Any CPU = Release|Any CPU
	EndGlobalSection
	GlobalSection(ProjectConfigurationPlatforms) = postSolution
		{20553C22-E262-4E6D-874D-082D1B5E88EA}.Debug|Any CPU.ActiveCfg = Debug|Any CPU
		{20553C22-E262-4E6D-874D-082D1B5E88EA}.Debug|Any CPU.Build.0 = Debug|Any CPU
		{20553C22-E262-4E6D-874D-082D1B5E88EA}.Release|Any CPU.ActiveCfg = Release|Any CPU
		{20553C22-E262-4E6D-874D-082D1B5E88EA}.Release|Any CPU.Build.0 = Release|Any CPU
		{6E08CBBF-5A77-4D92-8448-62F856B9E3DC}.Debug|Any CPU.ActiveCfg = Debug|Any CPU
		{6E08CBBF-5A77-4D92-8448-62F856B9E3DC}.Debug|Any CPU.Build.0 = Debug|Any CPU
		{6E08CBBF-5A77-4D92-8448-62F856B9E3DC}.Release|Any CPU.ActiveCfg = Release|Any CPU
		{6E08CBBF-5A77-4D92-8448-62F856B9E3DC}.Release|Any CPU.Build.0 = Release|Any CPU
	EndGlobalSection
	GlobalSection(SolutionProperties) = preSolution
		HideSolutionNode = FALSE
	EndGlobalSection
	GlobalSection(ExtensibilityGlobals) = postSolution
		SolutionGuid = {48F994C8-0244-4BD2-A4A0-C91AAB3C2392}
	EndGlobalSection
EndGlobal
